
Microsoft Visual Studio Solution File, Format Version 12.00
# Visual Studio Version 17
VisualStudioVersion = 17.8.34316.72
MinimumVisualStudioVersion = 10.0.40219.1
Project("{FAE04EC0-301F-11D3-BF4B-00C04F79EFBC}") = "flutterTodoAppApi", "flutterTodoAppApi\flutterTodoAppApi.csproj", "{EAB702E9-EBA0-412B-B5FF-D33F0EF07153}"
EndProject
Global
	GlobalSection(SolutionConfigurationPlatforms) = preSolution
		Debug|Any CPU = Debug|Any CPU
		Release|Any CPU = Release|Any CPU
	EndGlobalSection
	GlobalSection(ProjectConfigurationPlatforms) = postSolution
		{EAB702E9-EBA0-412B-B5FF-D33F0EF07153}.Debug|Any CPU.ActiveCfg = Debug|Any CPU
		{EAB702E9-EBA0-412B-B5FF-D33F0EF07153}.Debug|Any CPU.Build.0 = Debug|Any CPU
		{EAB702E9-EBA0-412B-B5FF-D33F0EF07153}.Release|Any CPU.ActiveCfg = Release|Any CPU
		{EAB702E9-EBA0-412B-B5FF-D33F0EF07153}.Release|Any CPU.Build.0 = Release|Any CPU
	EndGlobalSection
	GlobalSection(SolutionProperties) = preSolution
		HideSolutionNode = FALSE
	EndGlobalSection
	GlobalSection(ExtensibilityGlobals) = postSolution
		SolutionGuid = {0A5C6BED-2A82-4368-AB03-EB7CEAC08A06}
	EndGlobalSection
EndGlobal
